
Microsoft Visual Studio Solution File, Format Version 12.00
# Visual Studio Version 16
VisualStudioVersion = 16.0.28803.352
MinimumVisualStudioVersion = 15.0.26124.0
Project("{FAE04EC0-301F-11D3-BF4B-00C04F79EFBC}") = "ChannelFlow", "ChannelFlow\ChannelFlow.csproj", "{A8A7F1D4-7482-4F6E-802E-4BDEF87BFABA}"
EndProject
Project("{FAE04EC0-301F-11D3-BF4B-00C04F79EFBC}") = "Tests", "Tests\Tests.csproj", "{826A8B4D-D990-4A87-A221-ED37E2C9E872}"
EndProject
Project("{FAE04EC0-301F-11D3-BF4B-00C04F79EFBC}") = "Internals", "Internals\Internals.csproj", "{E5D9C3C3-AAEF-4187-90B4-14E9CB53E1ED}"
EndProject
Project("{FAE04EC0-301F-11D3-BF4B-00C04F79EFBC}") = "NodeCreation", "Seminar\NodeCreation\NodeCreation.csproj", "{3B172432-26C3-40BE-829B-E90069BBA188}"
EndProject
Project("{2150E333-8FDC-42A3-9474-1A3956D46DE8}") = "Demos", "Demos", "{742B28AF-09E5-472D-9B49-903E7176F27C}"
EndProject
Project("{FAE04EC0-301F-11D3-BF4B-00C04F79EFBC}") = "CavityFlow", "Demos\CavityFlow\CavityFlow.csproj", "{198DC24B-4D9E-4EE8-A9C7-C797C1AD225F}"
EndProject
Global
	GlobalSection(SolutionConfigurationPlatforms) = preSolution
		Debug|Any CPU = Debug|Any CPU
		Debug|x64 = Debug|x64
		Debug|x86 = Debug|x86
		Release|Any CPU = Release|Any CPU
		Release|x64 = Release|x64
		Release|x86 = Release|x86
	EndGlobalSection
	GlobalSection(ProjectConfigurationPlatforms) = postSolution
		{A8A7F1D4-7482-4F6E-802E-4BDEF87BFABA}.Debug|Any CPU.ActiveCfg = Debug|Any CPU
		{A8A7F1D4-7482-4F6E-802E-4BDEF87BFABA}.Debug|Any CPU.Build.0 = Debug|Any CPU
		{A8A7F1D4-7482-4F6E-802E-4BDEF87BFABA}.Debug|x64.ActiveCfg = Debug|Any CPU
		{A8A7F1D4-7482-4F6E-802E-4BDEF87BFABA}.Debug|x64.Build.0 = Debug|Any CPU
		{A8A7F1D4-7482-4F6E-802E-4BDEF87BFABA}.Debug|x86.ActiveCfg = Debug|Any CPU
		{A8A7F1D4-7482-4F6E-802E-4BDEF87BFABA}.Debug|x86.Build.0 = Debug|Any CPU
		{A8A7F1D4-7482-4F6E-802E-4BDEF87BFABA}.Release|Any CPU.ActiveCfg = Release|Any CPU
		{A8A7F1D4-7482-4F6E-802E-4BDEF87BFABA}.Release|Any CPU.Build.0 = Release|Any CPU
		{A8A7F1D4-7482-4F6E-802E-4BDEF87BFABA}.Release|x64.ActiveCfg = Release|Any CPU
		{A8A7F1D4-7482-4F6E-802E-4BDEF87BFABA}.Release|x64.Build.0 = Release|Any CPU
		{A8A7F1D4-7482-4F6E-802E-4BDEF87BFABA}.Release|x86.ActiveCfg = Release|Any CPU
		{A8A7F1D4-7482-4F6E-802E-4BDEF87BFABA}.Release|x86.Build.0 = Release|Any CPU
		{826A8B4D-D990-4A87-A221-ED37E2C9E872}.Debug|Any CPU.ActiveCfg = Debug|Any CPU
		{826A8B4D-D990-4A87-A221-ED37E2C9E872}.Debug|Any CPU.Build.0 = Debug|Any CPU
		{826A8B4D-D990-4A87-A221-ED37E2C9E872}.Debug|x64.ActiveCfg = Debug|Any CPU
		{826A8B4D-D990-4A87-A221-ED37E2C9E872}.Debug|x64.Build.0 = Debug|Any CPU
		{826A8B4D-D990-4A87-A221-ED37E2C9E872}.Debug|x86.ActiveCfg = Debug|Any CPU
		{826A8B4D-D990-4A87-A221-ED37E2C9E872}.Debug|x86.Build.0 = Debug|Any CPU
		{826A8B4D-D990-4A87-A221-ED37E2C9E872}.Release|Any CPU.ActiveCfg = Release|Any CPU
		{826A8B4D-D990-4A87-A221-ED37E2C9E872}.Release|Any CPU.Build.0 = Release|Any CPU
		{826A8B4D-D990-4A87-A221-ED37E2C9E872}.Release|x64.ActiveCfg = Release|Any CPU
		{826A8B4D-D990-4A87-A221-ED37E2C9E872}.Release|x64.Build.0 = Release|Any CPU
		{826A8B4D-D990-4A87-A221-ED37E2C9E872}.Release|x86.ActiveCfg = Release|Any CPU
		{826A8B4D-D990-4A87-A221-ED37E2C9E872}.Release|x86.Build.0 = Release|Any CPU
		{E5D9C3C3-AAEF-4187-90B4-14E9CB53E1ED}.Debug|Any CPU.ActiveCfg = Debug|Any CPU
		{E5D9C3C3-AAEF-4187-90B4-14E9CB53E1ED}.Debug|Any CPU.Build.0 = Debug|Any CPU
		{E5D9C3C3-AAEF-4187-90B4-14E9CB53E1ED}.Debug|x64.ActiveCfg = Debug|Any CPU
		{E5D9C3C3-AAEF-4187-90B4-14E9CB53E1ED}.Debug|x64.Build.0 = Debug|Any CPU
		{E5D9C3C3-AAEF-4187-90B4-14E9CB53E1ED}.Debug|x86.ActiveCfg = Debug|Any CPU
		{E5D9C3C3-AAEF-4187-90B4-14E9CB53E1ED}.Debug|x86.Build.0 = Debug|Any CPU
		{E5D9C3C3-AAEF-4187-90B4-14E9CB53E1ED}.Release|Any CPU.ActiveCfg = Release|Any CPU
		{E5D9C3C3-AAEF-4187-90B4-14E9CB53E1ED}.Release|Any CPU.Build.0 = Release|Any CPU
		{E5D9C3C3-AAEF-4187-90B4-14E9CB53E1ED}.Release|x64.ActiveCfg = Release|Any CPU
		{E5D9C3C3-AAEF-4187-90B4-14E9CB53E1ED}.Release|x64.Build.0 = Release|Any CPU
		{E5D9C3C3-AAEF-4187-90B4-14E9CB53E1ED}.Release|x86.ActiveCfg = Release|Any CPU
		{E5D9C3C3-AAEF-4187-90B4-14E9CB53E1ED}.Release|x86.Build.0 = Release|Any CPU
		{3B172432-26C3-40BE-829B-E90069BBA188}.Debug|Any CPU.ActiveCfg = Debug|Any CPU
		{3B172432-26C3-40BE-829B-E90069BBA188}.Debug|Any CPU.Build.0 = Debug|Any CPU
		{3B172432-26C3-40BE-829B-E90069BBA188}.Debug|x64.ActiveCfg = Debug|Any CPU
		{3B172432-26C3-40BE-829B-E90069BBA188}.Debug|x64.Build.0 = Debug|Any CPU
		{3B172432-26C3-40BE-829B-E90069BBA188}.Debug|x86.ActiveCfg = Debug|Any CPU
		{3B172432-26C3-40BE-829B-E90069BBA188}.Debug|x86.Build.0 = Debug|Any CPU
		{3B172432-26C3-40BE-829B-E90069BBA188}.Release|Any CPU.ActiveCfg = Release|Any CPU
		{3B172432-26C3-40BE-829B-E90069BBA188}.Release|Any CPU.Build.0 = Release|Any CPU
		{3B172432-26C3-40BE-829B-E90069BBA188}.Release|x64.ActiveCfg = Release|Any CPU
		{3B172432-26C3-40BE-829B-E90069BBA188}.Release|x64.Build.0 = Release|Any CPU
		{3B172432-26C3-40BE-829B-E90069BBA188}.Release|x86.ActiveCfg = Release|Any CPU
		{3B172432-26C3-40BE-829B-E90069BBA188}.Release|x86.Build.0 = Release|Any CPU
		{198DC24B-4D9E-4EE8-A9C7-C797C1AD225F}.Debug|Any CPU.ActiveCfg = Debug|Any CPU
		{198DC24B-4D9E-4EE8-A9C7-C797C1AD225F}.Debug|Any CPU.Build.0 = Debug|Any CPU
		{198DC24B-4D9E-4EE8-A9C7-C797C1AD225F}.Debug|x64.ActiveCfg = Debug|Any CPU
		{198DC24B-4D9E-4EE8-A9C7-C797C1AD225F}.Debug|x64.Build.0 = Debug|Any CPU
		{198DC24B-4D9E-4EE8-A9C7-C797C1AD225F}.Debug|x86.ActiveCfg = Debug|Any CPU
		{198DC24B-4D9E-4EE8-A9C7-C797C1AD225F}.Debug|x86.Build.0 = Debug|Any CPU
		{198DC24B-4D9E-4EE8-A9C7-C797C1AD225F}.Release|Any CPU.ActiveCfg = Release|Any CPU
		{198DC24B-4D9E-4EE8-A9C7-C797C1AD225F}.Release|Any CPU.Build.0 = Release|Any CPU
		{198DC24B-4D9E-4EE8-A9C7-C797C1AD225F}.Release|x64.ActiveCfg = Release|Any CPU
		{198DC24B-4D9E-4EE8-A9C7-C797C1AD225F}.Release|x64.Build.0 = Release|Any CPU
		{198DC24B-4D9E-4EE8-A9C7-C797C1AD225F}.Release|x86.ActiveCfg = Release|Any CPU
		{198DC24B-4D9E-4EE8-A9C7-C797C1AD225F}.Release|x86.Build.0 = Release|Any CPU
	EndGlobalSection
	GlobalSection(SolutionProperties) = preSolution
		HideSolutionNode = FALSE
	EndGlobalSection
	GlobalSection(ExtensibilityGlobals) = postSolution
		SolutionGuid = {C0EB7974-1AF8-4D77-B869-70712B057DF0}
	EndGlobalSection
	GlobalSection(MonoDevelopProperties) = preSolution
		Policies = $0
		$0.TextStylePolicy = $1
		$1.FileWidth = 80
		$1.scope = text/x-csharp
		$0.CSharpFormattingPolicy = $2
		$2.IndentSwitchSection = False
		$2.NewLinesForBracesInMethods = False
		$2.NewLinesForBracesInProperties = False
		$2.NewLinesForBracesInAccessors = False
		$2.NewLinesForBracesInAnonymousMethods = False
		$2.NewLinesForBracesInControlBlocks = False
		$2.NewLinesForBracesInAnonymousTypes = False
		$2.NewLinesForBracesInObjectCollectionArrayInitializers = False
		$2.NewLinesForBracesInLambdaExpressionBody = False
		$2.NewLineForMembersInObjectInit = False
		$2.NewLineForMembersInAnonymousTypes = False
		$2.NewLineForClausesInQuery = False
		$2.SpaceAfterControlFlowStatementKeyword = False
		$2.scope = text/x-csharp
	EndGlobalSection
	GlobalSection(NestedProjects) = preSolution
		{198DC24B-4D9E-4EE8-A9C7-C797C1AD225F} = {742B28AF-09E5-472D-9B49-903E7176F27C}
	EndGlobalSection
EndGlobal
