
Microsoft Visual Studio Solution File, Format Version 12.00
# Visual Studio Version 16
VisualStudioVersion = 16.0.28803.352
MinimumVisualStudioVersion = 15.0.26124.0
Project("{FAE04EC0-301F-11D3-BF4B-00C04F79EFBC}") = "Internals", "Internals\Internals.csproj", "{E5D9C3C3-AAEF-4187-90B4-14E9CB53E1ED}"
EndProject
Project("{FAE04EC0-301F-11D3-BF4B-00C04F79EFBC}") = "Runnables", "Runnables\Runnables.csproj", "{A9EEC50D-D959-498D-A69F-C29F4F83514B}"
EndProject
Project("{FAE04EC0-301F-11D3-BF4B-00C04F79EFBC}") = "Main", "Main\Main.csproj", "{E1FE66FE-40C6-45AC-892A-9A566CA08996}"
EndProject
Project("{FAE04EC0-301F-11D3-BF4B-00C04F79EFBC}") = "Tests", "Tests\Tests.csproj", "{37498D13-028B-426C-B64D-BCDB44A0D37E}"
EndProject
Global
	GlobalSection(SolutionConfigurationPlatforms) = preSolution
		Debug|Any CPU = Debug|Any CPU
		Debug|x64 = Debug|x64
		Debug|x86 = Debug|x86
		Release|Any CPU = Release|Any CPU
		Release|x64 = Release|x64
		Release|x86 = Release|x86
	EndGlobalSection
	GlobalSection(ProjectConfigurationPlatforms) = postSolution
		{E5D9C3C3-AAEF-4187-90B4-14E9CB53E1ED}.Debug|Any CPU.ActiveCfg = Debug|Any CPU
		{E5D9C3C3-AAEF-4187-90B4-14E9CB53E1ED}.Debug|Any CPU.Build.0 = Debug|Any CPU
		{E5D9C3C3-AAEF-4187-90B4-14E9CB53E1ED}.Debug|x64.ActiveCfg = Debug|Any CPU
		{E5D9C3C3-AAEF-4187-90B4-14E9CB53E1ED}.Debug|x64.Build.0 = Debug|Any CPU
		{E5D9C3C3-AAEF-4187-90B4-14E9CB53E1ED}.Debug|x86.ActiveCfg = Debug|Any CPU
		{E5D9C3C3-AAEF-4187-90B4-14E9CB53E1ED}.Debug|x86.Build.0 = Debug|Any CPU
		{E5D9C3C3-AAEF-4187-90B4-14E9CB53E1ED}.Release|Any CPU.ActiveCfg = Release|Any CPU
		{E5D9C3C3-AAEF-4187-90B4-14E9CB53E1ED}.Release|Any CPU.Build.0 = Release|Any CPU
		{E5D9C3C3-AAEF-4187-90B4-14E9CB53E1ED}.Release|x64.ActiveCfg = Release|Any CPU
		{E5D9C3C3-AAEF-4187-90B4-14E9CB53E1ED}.Release|x64.Build.0 = Release|Any CPU
		{E5D9C3C3-AAEF-4187-90B4-14E9CB53E1ED}.Release|x86.ActiveCfg = Release|Any CPU
		{E5D9C3C3-AAEF-4187-90B4-14E9CB53E1ED}.Release|x86.Build.0 = Release|Any CPU
		{A9EEC50D-D959-498D-A69F-C29F4F83514B}.Debug|Any CPU.ActiveCfg = Debug|Any CPU
		{A9EEC50D-D959-498D-A69F-C29F4F83514B}.Debug|Any CPU.Build.0 = Debug|Any CPU
		{A9EEC50D-D959-498D-A69F-C29F4F83514B}.Debug|x64.ActiveCfg = Debug|Any CPU
		{A9EEC50D-D959-498D-A69F-C29F4F83514B}.Debug|x64.Build.0 = Debug|Any CPU
		{A9EEC50D-D959-498D-A69F-C29F4F83514B}.Debug|x86.ActiveCfg = Debug|Any CPU
		{A9EEC50D-D959-498D-A69F-C29F4F83514B}.Debug|x86.Build.0 = Debug|Any CPU
		{A9EEC50D-D959-498D-A69F-C29F4F83514B}.Release|Any CPU.ActiveCfg = Release|Any CPU
		{A9EEC50D-D959-498D-A69F-C29F4F83514B}.Release|Any CPU.Build.0 = Release|Any CPU
		{A9EEC50D-D959-498D-A69F-C29F4F83514B}.Release|x64.ActiveCfg = Release|Any CPU
		{A9EEC50D-D959-498D-A69F-C29F4F83514B}.Release|x64.Build.0 = Release|Any CPU
		{A9EEC50D-D959-498D-A69F-C29F4F83514B}.Release|x86.ActiveCfg = Release|Any CPU
		{A9EEC50D-D959-498D-A69F-C29F4F83514B}.Release|x86.Build.0 = Release|Any CPU
		{E1FE66FE-40C6-45AC-892A-9A566CA08996}.Debug|Any CPU.ActiveCfg = Debug|Any CPU
		{E1FE66FE-40C6-45AC-892A-9A566CA08996}.Debug|Any CPU.Build.0 = Debug|Any CPU
		{E1FE66FE-40C6-45AC-892A-9A566CA08996}.Debug|x64.ActiveCfg = Debug|Any CPU
		{E1FE66FE-40C6-45AC-892A-9A566CA08996}.Debug|x64.Build.0 = Debug|Any CPU
		{E1FE66FE-40C6-45AC-892A-9A566CA08996}.Debug|x86.ActiveCfg = Debug|Any CPU
		{E1FE66FE-40C6-45AC-892A-9A566CA08996}.Debug|x86.Build.0 = Debug|Any CPU
		{E1FE66FE-40C6-45AC-892A-9A566CA08996}.Release|Any CPU.ActiveCfg = Release|Any CPU
		{E1FE66FE-40C6-45AC-892A-9A566CA08996}.Release|Any CPU.Build.0 = Release|Any CPU
		{E1FE66FE-40C6-45AC-892A-9A566CA08996}.Release|x64.ActiveCfg = Release|Any CPU
		{E1FE66FE-40C6-45AC-892A-9A566CA08996}.Release|x64.Build.0 = Release|Any CPU
		{E1FE66FE-40C6-45AC-892A-9A566CA08996}.Release|x86.ActiveCfg = Release|Any CPU
		{E1FE66FE-40C6-45AC-892A-9A566CA08996}.Release|x86.Build.0 = Release|Any CPU
		{37498D13-028B-426C-B64D-BCDB44A0D37E}.Debug|Any CPU.ActiveCfg = Debug|Any CPU
		{37498D13-028B-426C-B64D-BCDB44A0D37E}.Debug|Any CPU.Build.0 = Debug|Any CPU
		{37498D13-028B-426C-B64D-BCDB44A0D37E}.Debug|x64.ActiveCfg = Debug|Any CPU
		{37498D13-028B-426C-B64D-BCDB44A0D37E}.Debug|x64.Build.0 = Debug|Any CPU
		{37498D13-028B-426C-B64D-BCDB44A0D37E}.Debug|x86.ActiveCfg = Debug|Any CPU
		{37498D13-028B-426C-B64D-BCDB44A0D37E}.Debug|x86.Build.0 = Debug|Any CPU
		{37498D13-028B-426C-B64D-BCDB44A0D37E}.Release|Any CPU.ActiveCfg = Release|Any CPU
		{37498D13-028B-426C-B64D-BCDB44A0D37E}.Release|Any CPU.Build.0 = Release|Any CPU
		{37498D13-028B-426C-B64D-BCDB44A0D37E}.Release|x64.ActiveCfg = Release|Any CPU
		{37498D13-028B-426C-B64D-BCDB44A0D37E}.Release|x64.Build.0 = Release|Any CPU
		{37498D13-028B-426C-B64D-BCDB44A0D37E}.Release|x86.ActiveCfg = Release|Any CPU
		{37498D13-028B-426C-B64D-BCDB44A0D37E}.Release|x86.Build.0 = Release|Any CPU
	EndGlobalSection
	GlobalSection(SolutionProperties) = preSolution
		HideSolutionNode = FALSE
	EndGlobalSection
	GlobalSection(ExtensibilityGlobals) = postSolution
		SolutionGuid = {C0EB7974-1AF8-4D77-B869-70712B057DF0}
	EndGlobalSection
	GlobalSection(MonoDevelopProperties) = preSolution
		Policies = $0
		$0.TextStylePolicy = $1
		$1.FileWidth = 80
		$1.scope = text/x-csharp
		$0.CSharpFormattingPolicy = $2
		$2.IndentSwitchSection = False
		$2.NewLinesForBracesInMethods = False
		$2.NewLinesForBracesInProperties = False
		$2.NewLinesForBracesInAccessors = False
		$2.NewLinesForBracesInAnonymousMethods = False
		$2.NewLinesForBracesInControlBlocks = False
		$2.NewLinesForBracesInAnonymousTypes = False
		$2.NewLinesForBracesInObjectCollectionArrayInitializers = False
		$2.NewLinesForBracesInLambdaExpressionBody = False
		$2.NewLineForMembersInObjectInit = False
		$2.NewLineForMembersInAnonymousTypes = False
		$2.NewLineForClausesInQuery = False
		$2.SpaceAfterControlFlowStatementKeyword = False
		$2.scope = text/x-csharp
	EndGlobalSection
EndGlobal
